
Microsoft Visual Studio Solution File, Format Version 12.00
# Visual Studio 15
VisualStudioVersion = 15.0.26730.16
MinimumVisualStudioVersion = 10.0.40219.1
Project("{FAE04EC0-301F-11D3-BF4B-00C04F79EFBC}") = "StringArrayPara", "StringArrayPara\StringArrayPara.csproj", "{9AB38243-07DC-4DD7-BDBE-7EDAF2BC7FBF}"
EndProject
Global
	GlobalSection(SolutionConfigurationPlatforms) = preSolution
		Debug|Any CPU = Debug|Any CPU
		Release|Any CPU = Release|Any CPU
	EndGlobalSection
	GlobalSection(ProjectConfigurationPlatforms) = postSolution
		{9AB38243-07DC-4DD7-BDBE-7EDAF2BC7FBF}.Debug|Any CPU.ActiveCfg = Debug|Any CPU
		{9AB38243-07DC-4DD7-BDBE-7EDAF2BC7FBF}.Debug|Any CPU.Build.0 = Debug|Any CPU
		{9AB38243-07DC-4DD7-BDBE-7EDAF2BC7FBF}.Release|Any CPU.ActiveCfg = Release|Any CPU
		{9AB38243-07DC-4DD7-BDBE-7EDAF2BC7FBF}.Release|Any CPU.Build.0 = Release|Any CPU
	EndGlobalSection
	GlobalSection(SolutionProperties) = preSolution
		HideSolutionNode = FALSE
	EndGlobalSection
	GlobalSection(ExtensibilityGlobals) = postSolution
		SolutionGuid = {198FC3FC-E039-4C77-8F80-A58DA6A793E0}
	EndGlobalSection
EndGlobal
