
Microsoft Visual Studio Solution File, Format Version 12.00
# Visual Studio 15
VisualStudioVersion = 15.0.26730.16
MinimumVisualStudioVersion = 10.0.40219.1
Project("{FAE04EC0-301F-11D3-BF4B-00C04F79EFBC}") = "Week", "Week\Week.csproj", "{5018A28F-8480-4867-AC40-D9CB0F52BE85}"
EndProject
Global
	GlobalSection(SolutionConfigurationPlatforms) = preSolution
		Debug|Any CPU = Debug|Any CPU
		Release|Any CPU = Release|Any CPU
	EndGlobalSection
	GlobalSection(ProjectConfigurationPlatforms) = postSolution
		{5018A28F-8480-4867-AC40-D9CB0F52BE85}.Debug|Any CPU.ActiveCfg = Debug|Any CPU
		{5018A28F-8480-4867-AC40-D9CB0F52BE85}.Debug|Any CPU.Build.0 = Debug|Any CPU
		{5018A28F-8480-4867-AC40-D9CB0F52BE85}.Release|Any CPU.ActiveCfg = Release|Any CPU
		{5018A28F-8480-4867-AC40-D9CB0F52BE85}.Release|Any CPU.Build.0 = Release|Any CPU
	EndGlobalSection
	GlobalSection(SolutionProperties) = preSolution
		HideSolutionNode = FALSE
	EndGlobalSection
	GlobalSection(ExtensibilityGlobals) = postSolution
		SolutionGuid = {3F0D28B2-E28B-49F8-85A0-5F6DB0841121}
	EndGlobalSection
EndGlobal
